// !$*UTF8*$!
{
	archiveVersion = 1;
	classes = {
	};
	objectVersion = 46;
	objects = {

/* Begin PBXBuildFile section */
		251069841EAF122500FFADA8 /* AppDelegate.swift in Sources */ = {isa = PBXBuildFile; fileRef = 251069831EAF122500FFADA8 /* AppDelegate.swift */; };
		251069861EAF122500FFADA8 /* ViewController.swift in Sources */ = {isa = PBXBuildFile; fileRef = 251069851EAF122500FFADA8 /* ViewController.swift */; };
		251069891EAF122500FFADA8 /* Main.storyboard in Resources */ = {isa = PBXBuildFile; fileRef = 251069871EAF122500FFADA8 /* Main.storyboard */; };
		2510698B1EAF122500FFADA8 /* Assets.xcassets in Resources */ = {isa = PBXBuildFile; fileRef = 2510698A1EAF122500FFADA8 /* Assets.xcassets */; };
		2510698E1EAF122500FFADA8 /* LaunchScreen.storyboard in Resources */ = {isa = PBXBuildFile; fileRef = 2510698C1EAF122500FFADA8 /* LaunchScreen.storyboard */; };
		251069961EAF193F00FFADA8 /* SkyViewController.swift in Sources */ = {isa = PBXBuildFile; fileRef = 251069951EAF193F00FFADA8 /* SkyViewController.swift */; };
		251069981EAF1CE900FFADA8 /* YellowViewController.swift in Sources */ = {isa = PBXBuildFile; fileRef = 251069971EAF1CE900FFADA8 /* YellowViewController.swift */; };
		2510699A1EAF1D8C00FFADA8 /* GreenViewController.swift in Sources */ = {isa = PBXBuildFile; fileRef = 251069991EAF1D8C00FFADA8 /* GreenViewController.swift */; };
/* End PBXBuildFile section */

/* Begin PBXFileReference section */
		251069801EAF122500FFADA8 /* FirstSample.app */ = {isa = PBXFileReference; explicitFileType = wrapper.application; includeInIndex = 0; path = FirstSample.app; sourceTree = BUILT_PRODUCTS_DIR; };
		251069831EAF122500FFADA8 /* AppDelegate.swift */ = {isa = PBXFileReference; lastKnownFileType = sourcecode.swift; path = AppDelegate.swift; sourceTree = "<group>"; };
		251069851EAF122500FFADA8 /* ViewController.swift */ = {isa = PBXFileReference; lastKnownFileType = sourcecode.swift; path = ViewController.swift; sourceTree = "<group>"; };
		251069881EAF122500FFADA8 /* Base */ = {isa = PBXFileReference; lastKnownFileType = file.storyboard; name = Base; path = Base.lproj/Main.storyboard; sourceTree = "<group>"; };
		2510698A1EAF122500FFADA8 /* Assets.xcassets */ = {isa = PBXFileReference; lastKnownFileType = folder.assetcatalog; path = Assets.xcassets; sourceTree = "<group>"; };
		2510698D1EAF122500FFADA8 /* Base */ = {isa = PBXFileReference; lastKnownFileType = file.storyboard; name = Base; path = Base.lproj/LaunchScreen.storyboard; sourceTree = "<group>"; };
		2510698F1EAF122500FFADA8 /* Info.plist */ = {isa = PBXFileReference; lastKnownFileType = text.plist.xml; path = Info.plist; sourceTree = "<group>"; };
		251069951EAF193F00FFADA8 /* SkyViewController.swift */ = {isa = PBXFileReference; fileEncoding = 4; lastKnownFileType = sourcecode.swift; path = SkyViewController.swift; sourceTree = "<group>"; };
		251069971EAF1CE900FFADA8 /* YellowViewController.swift */ = {isa = PBXFileReference; fileEncoding = 4; lastKnownFileType = sourcecode.swift; path = YellowViewController.swift; sourceTree = "<group>"; };
		251069991EAF1D8C00FFADA8 /* GreenViewController.swift */ = {isa = PBXFileReference; fileEncoding = 4; lastKnownFileType = sourcecode.swift; path = GreenViewController.swift; sourceTree = "<group>"; };
/* End PBXFileReference section */

/* Begin PBXFrameworksBuildPhase section */
		2510697D1EAF122500FFADA8 /* Frameworks */ = {
			isa = PBXFrameworksBuildPhase;
			buildActionMask = 2147483647;
			files = (
			);
			runOnlyForDeploymentPostprocessing = 0;
		};
/* End PBXFrameworksBuildPhase section */

/* Begin PBXGroup section */
		251069771EAF122500FFADA8 = {
			isa = PBXGroup;
			children = (
				251069821EAF122500FFADA8 /* FirstSample */,
				251069811EAF122500FFADA8 /* Products */,
			);
			sourceTree = "<group>";
		};
		251069811EAF122500FFADA8 /* Products */ = {
			isa = PBXGroup;
			children = (
				251069801EAF122500FFADA8 /* FirstSample.app */,
			);
			name = Products;
			sourceTree = "<group>";
		};
		251069821EAF122500FFADA8 /* FirstSample */ = {
			isa = PBXGroup;
			children = (
				251069831EAF122500FFADA8 /* AppDelegate.swift */,
				251069851EAF122500FFADA8 /* ViewController.swift */,
				251069871EAF122500FFADA8 /* Main.storyboard */,
				251069991EAF1D8C00FFADA8 /* GreenViewController.swift */,
				251069971EAF1CE900FFADA8 /* YellowViewController.swift */,
				2510698A1EAF122500FFADA8 /* Assets.xcassets */,
				2510698C1EAF122500FFADA8 /* LaunchScreen.storyboard */,
				2510698F1EAF122500FFADA8 /* Info.plist */,
				251069951EAF193F00FFADA8 /* SkyViewController.swift */,
			);
			path = FirstSample;
			sourceTree = "<group>";
		};
/* End PBXGroup section */

/* Begin PBXNativeTarget section */
		2510697F1EAF122500FFADA8 /* FirstSample */ = {
			isa = PBXNativeTarget;
			buildConfigurationList = 251069921EAF122500FFADA8 /* Build configuration list for PBXNativeTarget "FirstSample" */;
			buildPhases = (
				2510697C1EAF122500FFADA8 /* Sources */,
				2510697D1EAF122500FFADA8 /* Frameworks */,
				2510697E1EAF122500FFADA8 /* Resources */,
			);
			buildRules = (
			);
			dependencies = (
			);
			name = FirstSample;
			productName = FirstSample;
			productReference = 251069801EAF122500FFADA8 /* FirstSample.app */;
			productType = "com.apple.product-type.application";
		};
/* End PBXNativeTarget section */

/* Begin PBXProject section */
		251069781EAF122500FFADA8 /* Project object */ = {
			isa = PBXProject;
			attributes = {
				LastSwiftUpdateCheck = 0820;
				LastUpgradeCheck = 0820;
				ORGANIZATIONNAME = "SDS-012";
				TargetAttributes = {
					2510697F1EAF122500FFADA8 = {
						CreatedOnToolsVersion = 8.2.1;
						DevelopmentTeam = P54N9E38UE;
						ProvisioningStyle = Automatic;
					};
				};
			};
			buildConfigurationList = 2510697B1EAF122500FFADA8 /* Build configuration list for PBXProject "FirstSample" */;
			compatibilityVersion = "Xcode 3.2";
			developmentRegion = English;
			hasScannedForEncodings = 0;
			knownRegions = (
				en,
				Base,
			);
			mainGroup = 251069771EAF122500FFADA8;
			productRefGroup = 251069811EAF122500FFADA8 /* Products */;
			projectDirPath = "";
			projectRoot = "";
			targets = (
				2510697F1EAF122500FFADA8 /* FirstSample */,
			);
		};
/* End PBXProject section */

/* Begin PBXResourcesBuildPhase section */
		2510697E1EAF122500FFADA8 /* Resources */ = {
			isa = PBXResourcesBuildPhase;
			buildActionMask = 2147483647;
			files = (
				2510698E1EAF122500FFADA8 /* LaunchScreen.storyboard in Resources */,
				2510698B1EAF122500FFADA8 /* Assets.xcassets in Resources */,
				251069891EAF122500FFADA8 /* Main.storyboard in Resources */,
			);
			runOnlyForDeploymentPostprocessing = 0;
		};
/* End PBXResourcesBuildPhase section */

/* Begin PBXSourcesBuildPhase section */
		2510697C1EAF122500FFADA8 /* Sources */ = {
			isa = PBXSourcesBuildPhase;
			buildActionMask = 2147483647;
			files = (
				251069981EAF1CE900FFADA8 /* YellowViewController.swift in Sources */,
				251069861EAF122500FFADA8 /* ViewController.swift in Sources */,
				251069961EAF193F00FFADA8 /* SkyViewController.swift in Sources */,
				251069841EAF122500FFADA8 /* AppDelegate.swift in Sources */,
				2510699A1EAF1D8C00FFADA8 /* GreenViewController.swift in Sources */,
			);
			runOnlyForDeploymentPostprocessing = 0;
		};
/* End PBXSourcesBuildPhase section */

/* Begin PBXVariantGroup section */
		251069871EAF122500FFADA8 /* Main.storyboard */ = {
			isa = PBXVariantGroup;
			children = (
				251069881EAF122500FFADA8 /* Base */,
			);
			name = Main.storyboard;
			sourceTree = "<group>";
		};
		2510698C1EAF122500FFADA8 /* LaunchScreen.storyboard */ = {
			isa = PBXVariantGroup;
			children = (
				2510698D1EAF122500FFADA8 /* Base */,
			);
			name = LaunchScreen.storyboard;
			sourceTree = "<group>";
		};
/* End PBXVariantGroup section */

/* Begin XCBuildConfiguration section */
		251069901EAF122500FFADA8 /* Debug */ = {
			isa = XCBuildConfiguration;
			buildSettings = {
				ALWAYS_SEARCH_USER_PATHS = NO;
				CLANG_ANALYZER_NONNULL = YES;
				CLANG_CXX_LANGUAGE_STANDARD = "gnu++0x";
				CLANG_CXX_LIBRARY = "libc++";
				CLANG_ENABLE_MODULES = YES;
				CLANG_ENABLE_OBJC_ARC = YES;
				CLANG_WARN_BOOL_CONVERSION = YES;
				CLANG_WARN_CONSTANT_CONVERSION = YES;
				CLANG_WARN_DIRECT_OBJC_ISA_USAGE = YES_ERROR;
				CLANG_WARN_DOCUMENTATION_COMMENTS = YES;
				CLANG_WARN_EMPTY_BODY = YES;
				CLANG_WARN_ENUM_CONVERSION = YES;
				CLANG_WARN_INFINITE_RECURSION = YES;
				CLANG_WARN_INT_CONVERSION = YES;
				CLANG_WARN_OBJC_ROOT_CLASS = YES_ERROR;
				CLANG_WARN_SUSPICIOUS_MOVE = YES;
				CLANG_WARN_UNREACHABLE_CODE = YES;
				CLANG_WARN__DUPLICATE_METHOD_MATCH = YES;
				"CODE_SIGN_IDENTITY[sdk=iphoneos*]" = "iPhone Developer";
				COPY_PHASE_STRIP = NO;
				DEBUG_INFORMATION_FORMAT = dwarf;
				ENABLE_STRICT_OBJC_MSGSEND = YES;
				ENABLE_TESTABILITY = YES;
				GCC_C_LANGUAGE_STANDARD = gnu99;
				GCC_DYNAMIC_NO_PIC = NO;
				GCC_NO_COMMON_BLOCKS = YES;
				GCC_OPTIMIZATION_LEVEL = 0;
				GCC_PREPROCESSOR_DEFINITIONS = (
					"DEBUG=1",
					"$(inherited)",
				);
				GCC_WARN_64_TO_32_BIT_CONVERSION = YES;
				GCC_WARN_ABOUT_RETURN_TYPE = YES_ERROR;
				GCC_WARN_UNDECLARED_SELECTOR = YES;
				GCC_WARN_UNINITIALIZED_AUTOS = YES_AGGRESSIVE;
				GCC_WARN_UNUSED_FUNCTION = YES;
				GCC_WARN_UNUSED_VARIABLE = YES;
				IPHONEOS_DEPLOYMENT_TARGET = 10.2;
				MTL_ENABLE_DEBUG_INFO = YES;
				ONLY_ACTIVE_ARCH = YES;
				SDKROOT = iphoneos;
				SWIFT_ACTIVE_COMPILATION_CONDITIONS = DEBUG;
				SWIFT_OPTIMIZATION_LEVEL = "-Onone";
			};
			name = Debug;
		};
		251069911EAF122500FFADA8 /* Release */ = {
			isa = XCBuildConfiguration;
			buildSettings = {
				ALWAYS_SEARCH_USER_PATHS = NO;
				CLANG_ANALYZER_NONNULL = YES;
				CLANG_CXX_LANGUAGE_STANDARD = "gnu++0x";
				CLANG_CXX_LIBRARY = "libc++";
				CLANG_ENABLE_MODULES = YES;
				CLANG_ENABLE_OBJC_ARC = YES;
				CLANG_WARN_BOOL_CONVERSION = YES;
				CLANG_WARN_CONSTANT_CONVERSION = YES;
				CLANG_WARN_DIRECT_OBJC_ISA_USAGE = YES_ERROR;
				CLANG_WARN_DOCUMENTATION_COMMENTS = YES;
				CLANG_WARN_EMPTY_BODY = YES;
				CLANG_WARN_ENUM_CONVERSION = YES;
				CLANG_WARN_INFINITE_RECURSION = YES;
				CLANG_WARN_INT_CONVERSION = YES;
				CLANG_WARN_OBJC_ROOT_CLASS = YES_ERROR;
				CLANG_WARN_SUSPICIOUS_MOVE = YES;
				CLANG_WARN_UNREACHABLE_CODE = YES;
				CLANG_WARN__DUPLICATE_METHOD_MATCH = YES;
				"CODE_SIGN_IDENTITY[sdk=iphoneos*]" = "iPhone Developer";
				COPY_PHASE_STRIP = NO;
				DEBUG_INFORMATION_FORMAT = "dwarf-with-dsym";
				ENABLE_NS_ASSERTIONS = NO;
				ENABLE_STRICT_OBJC_MSGSEND = YES;
				GCC_C_LANGUAGE_STANDARD = gnu99;
				GCC_NO_COMMON_BLOCKS = YES;
				GCC_WARN_64_TO_32_BIT_CONVERSION = YES;
				GCC_WARN_ABOUT_RETURN_TYPE = YES_ERROR;
				GCC_WARN_UNDECLARED_SELECTOR = YES;
				GCC_WARN_UNINITIALIZED_AUTOS = YES_AGGRESSIVE;
				GCC_WARN_UNUSED_FUNCTION = YES;
				GCC_WARN_UNUSED_VARIABLE = YES;
				IPHONEOS_DEPLOYMENT_TARGET = 10.2;
				MTL_ENABLE_DEBUG_INFO = NO;
				SDKROOT = iphoneos;
				SWIFT_OPTIMIZATION_LEVEL = "-Owholemodule";
				VALIDATE_PRODUCT = YES;
			};
			name = Release;
		};
		251069931EAF122500FFADA8 /* Debug */ = {
			isa = XCBuildConfiguration;
			buildSettings = {
				ASSETCATALOG_COMPILER_APPICON_NAME = AppIcon;
				DEVELOPMENT_TEAM = P54N9E38UE;
				INFOPLIST_FILE = FirstSample/Info.plist;
				LD_RUNPATH_SEARCH_PATHS = "$(inherited) @executable_path/Frameworks";
				PRODUCT_BUNDLE_IDENTIFIER = com.yjj.FirstSample;
				PRODUCT_NAME = "$(TARGET_NAME)";
				SWIFT_VERSION = 3.0;
			};
			name = Debug;
		};
		251069941EAF122500FFADA8 /* Release */ = {
			isa = XCBuildConfiguration;
			buildSettings = {
				ASSETCATALOG_COMPILER_APPICON_NAME = AppIcon;
				DEVELOPMENT_TEAM = P54N9E38UE;
				INFOPLIST_FILE = FirstSample/Info.plist;
				LD_RUNPATH_SEARCH_PATHS = "$(inherited) @executable_path/Frameworks";
				PRODUCT_BUNDLE_IDENTIFIER = com.yjj.FirstSample;
				PRODUCT_NAME = "$(TARGET_NAME)";
				SWIFT_VERSION = 3.0;
			};
			name = Release;
		};
/* End XCBuildConfiguration section */

/* Begin XCConfigurationList section */
		2510697B1EAF122500FFADA8 /* Build configuration list for PBXProject "FirstSample" */ = {
			isa = XCConfigurationList;
			buildConfigurations = (
				251069901EAF122500FFADA8 /* Debug */,
				251069911EAF122500FFADA8 /* Release */,
			);
			defaultConfigurationIsVisible = 0;
			defaultConfigurationName = Release;
		};
		251069921EAF122500FFADA8 /* Build configuration list for PBXNativeTarget "FirstSample" */ = {
			isa = XCConfigurationList;
			buildConfigurations = (
				251069931EAF122500FFADA8 /* Debug */,
				251069941EAF122500FFADA8 /* Release */,
			);
			defaultConfigurationIsVisible = 0;
		};
/* End XCConfigurationList section */
	};
	rootObject = 251069781EAF122500FFADA8 /* Project object */;
}
